// !$*UTF8*$!
{
	archiveVersion = 1;
	classes = {
	};
	objectVersion = 51;
	objects = {

/* Begin PBXBuildFile section */
		F1339E24265500CE00E3CD2A /* AnswerTableViewCell.swift in Sources */ = {isa = PBXBuildFile; fileRef = F1339E22265500CE00E3CD2A /* AnswerTableViewCell.swift */; };
		F1339E25265500CE00E3CD2A /* AnswerTableViewCell.xib in Resources */ = {isa = PBXBuildFile; fileRef = F1339E23265500CE00E3CD2A /* AnswerTableViewCell.xib */; };
		F142F6A6265434AA00292EB6 /* HomeViewController.swift in Sources */ = {isa = PBXBuildFile; fileRef = F142F6A4265434AA00292EB6 /* HomeViewController.swift */; };
		F142F6AA2654354E00292EB6 /* Main.storyboard in Resources */ = {isa = PBXBuildFile; fileRef = F142F6A92654354E00292EB6 /* Main.storyboard */; };
		F142F6B12654501400292EB6 /* HomeTableViewCell.swift in Sources */ = {isa = PBXBuildFile; fileRef = F142F6AF2654501400292EB6 /* HomeTableViewCell.swift */; };
		F142F6B22654501400292EB6 /* HomeTableViewCell.xib in Resources */ = {isa = PBXBuildFile; fileRef = F142F6B02654501400292EB6 /* HomeTableViewCell.xib */; };
		F142F6B7265453B500292EB6 /* Extensions.swift in Sources */ = {isa = PBXBuildFile; fileRef = F142F6B6265453B500292EB6 /* Extensions.swift */; };
		F142F6BB2654F83100292EB6 /* TestViewController.swift in Sources */ = {isa = PBXBuildFile; fileRef = F142F6BA2654F83100292EB6 /* TestViewController.swift */; };
		F1944C4B2653A595007C2261 /* AppDelegate.swift in Sources */ = {isa = PBXBuildFile; fileRef = F1944C4A2653A595007C2261 /* AppDelegate.swift */; };
		F1944C542653A598007C2261 /* Assets.xcassets in Resources */ = {isa = PBXBuildFile; fileRef = F1944C532653A598007C2261 /* Assets.xcassets */; };
		F1944C572653A598007C2261 /* LaunchScreen.storyboard in Resources */ = {isa = PBXBuildFile; fileRef = F1944C552653A598007C2261 /* LaunchScreen.storyboard */; };
		F1944C6C2653B01F007C2261 /* GoogleService-Info.plist in Resources */ = {isa = PBXBuildFile; fileRef = F1944C6B2653B01F007C2261 /* GoogleService-Info.plist */; };
		F1944C6F2653C198007C2261 /* FirebaseManager.swift in Sources */ = {isa = PBXBuildFile; fileRef = F1944C6E2653C198007C2261 /* FirebaseManager.swift */; };
		F1A5F5DF2653C3E900D1FBF4 /* TestEntity.swift in Sources */ = {isa = PBXBuildFile; fileRef = F1A5F5DE2653C3E900D1FBF4 /* TestEntity.swift */; };
		F1A5F5FF2653F26700D1FBF4 /* Pods_AutoService.framework in Frameworks */ = {isa = PBXBuildFile; fileRef = F1A5F5FE2653F26700D1FBF4 /* Pods_AutoService.framework */; };
/* End PBXBuildFile section */

/* Begin PBXFileReference section */
		AB74BCD2D7B0B6300EC45988 /* Pods-AutoService.release.xcconfig */ = {isa = PBXFileReference; includeInIndex = 1; lastKnownFileType = text.xcconfig; name = "Pods-AutoService.release.xcconfig"; path = "Target Support Files/Pods-AutoService/Pods-AutoService.release.xcconfig"; sourceTree = "<group>"; };
		BCB52BD7587C594FB2C4D4FA /* Pods_AutoService.framework */ = {isa = PBXFileReference; explicitFileType = wrapper.framework; includeInIndex = 0; path = Pods_AutoService.framework; sourceTree = BUILT_PRODUCTS_DIR; };
		C1C06DD21C6BD470E44649F3 /* Pods-AutoService.debug.xcconfig */ = {isa = PBXFileReference; includeInIndex = 1; lastKnownFileType = text.xcconfig; name = "Pods-AutoService.debug.xcconfig"; path = "Target Support Files/Pods-AutoService/Pods-AutoService.debug.xcconfig"; sourceTree = "<group>"; };
		F1339E22265500CE00E3CD2A /* AnswerTableViewCell.swift */ = {isa = PBXFileReference; lastKnownFileType = sourcecode.swift; path = AnswerTableViewCell.swift; sourceTree = "<group>"; };
		F1339E23265500CE00E3CD2A /* AnswerTableViewCell.xib */ = {isa = PBXFileReference; lastKnownFileType = file.xib; path = AnswerTableViewCell.xib; sourceTree = "<group>"; };
		F142F6A4265434AA00292EB6 /* HomeViewController.swift */ = {isa = PBXFileReference; lastKnownFileType = sourcecode.swift; path = HomeViewController.swift; sourceTree = "<group>"; };
		F142F6A92654354E00292EB6 /* Main.storyboard */ = {isa = PBXFileReference; lastKnownFileType = file.storyboard; path = Main.storyboard; sourceTree = "<group>"; };
		F142F6AF2654501400292EB6 /* HomeTableViewCell.swift */ = {isa = PBXFileReference; lastKnownFileType = sourcecode.swift; path = HomeTableViewCell.swift; sourceTree = "<group>"; };
		F142F6B02654501400292EB6 /* HomeTableViewCell.xib */ = {isa = PBXFileReference; lastKnownFileType = file.xib; path = HomeTableViewCell.xib; sourceTree = "<group>"; };
		F142F6B6265453B500292EB6 /* Extensions.swift */ = {isa = PBXFileReference; lastKnownFileType = sourcecode.swift; path = Extensions.swift; sourceTree = "<group>"; };
		F142F6BA2654F83100292EB6 /* TestViewController.swift */ = {isa = PBXFileReference; lastKnownFileType = sourcecode.swift; path = TestViewController.swift; sourceTree = "<group>"; };
		F1944C472653A595007C2261 /* AutoService.app */ = {isa = PBXFileReference; explicitFileType = wrapper.application; includeInIndex = 0; path = AutoService.app; sourceTree = BUILT_PRODUCTS_DIR; };
		F1944C4A2653A595007C2261 /* AppDelegate.swift */ = {isa = PBXFileReference; lastKnownFileType = sourcecode.swift; path = AppDelegate.swift; sourceTree = "<group>"; };
		F1944C532653A598007C2261 /* Assets.xcassets */ = {isa = PBXFileReference; lastKnownFileType = folder.assetcatalog; path = Assets.xcassets; sourceTree = "<group>"; };
		F1944C562653A598007C2261 /* Base */ = {isa = PBXFileReference; lastKnownFileType = file.storyboard; name = Base; path = Base.lproj/LaunchScreen.storyboard; sourceTree = "<group>"; };
		F1944C582653A598007C2261 /* Info.plist */ = {isa = PBXFileReference; lastKnownFileType = text.plist.xml; path = Info.plist; sourceTree = "<group>"; };
		F1944C6B2653B01F007C2261 /* GoogleService-Info.plist */ = {isa = PBXFileReference; fileEncoding = 4; lastKnownFileType = text.plist.xml; path = "GoogleService-Info.plist"; sourceTree = "<group>"; };
		F1944C6E2653C198007C2261 /* FirebaseManager.swift */ = {isa = PBXFileReference; lastKnownFileType = sourcecode.swift; path = FirebaseManager.swift; sourceTree = "<group>"; };
		F1A5F5DE2653C3E900D1FBF4 /* TestEntity.swift */ = {isa = PBXFileReference; lastKnownFileType = sourcecode.swift; path = TestEntity.swift; sourceTree = "<group>"; };
		F1A5F5FE2653F26700D1FBF4 /* Pods_AutoService.framework */ = {isa = PBXFileReference; explicitFileType = wrapper.framework; path = Pods_AutoService.framework; sourceTree = BUILT_PRODUCTS_DIR; };
/* End PBXFileReference section */

/* Begin PBXFrameworksBuildPhase section */
		F1944C442653A595007C2261 /* Frameworks */ = {
			isa = PBXFrameworksBuildPhase;
			buildActionMask = 2147483647;
			files = (
				F1A5F5FF2653F26700D1FBF4 /* Pods_AutoService.framework in Frameworks */,
			);
			runOnlyForDeploymentPostprocessing = 0;
		};
/* End PBXFrameworksBuildPhase section */

/* Begin PBXGroup section */
		2EBC0134958C4ECC08F581DD /* Frameworks */ = {
			isa = PBXGroup;
			children = (
				F1A5F5FE2653F26700D1FBF4 /* Pods_AutoService.framework */,
				BCB52BD7587C594FB2C4D4FA /* Pods_AutoService.framework */,
			);
			name = Frameworks;
			sourceTree = "<group>";
		};
		F1339E20265500B100E3CD2A /* Cell */ = {
			isa = PBXGroup;
			children = (
				F1339E21265500B600E3CD2A /* AnswerCell */,
			);
			path = Cell;
			sourceTree = "<group>";
		};
		F1339E21265500B600E3CD2A /* AnswerCell */ = {
			isa = PBXGroup;
			children = (
				F1339E22265500CE00E3CD2A /* AnswerTableViewCell.swift */,
				F1339E23265500CE00E3CD2A /* AnswerTableViewCell.xib */,
			);
			path = AnswerCell;
			sourceTree = "<group>";
		};
		F142F6AE2654500300292EB6 /* Cell */ = {
			isa = PBXGroup;
			children = (
				F142F6AF2654501400292EB6 /* HomeTableViewCell.swift */,
				F142F6B02654501400292EB6 /* HomeTableViewCell.xib */,
			);
			path = Cell;
			sourceTree = "<group>";
		};
		F142F6B5265453A600292EB6 /* Extensions */ = {
			isa = PBXGroup;
			children = (
				F142F6B6265453B500292EB6 /* Extensions.swift */,
			);
			path = Extensions;
			sourceTree = "<group>";
		};
		F142F6B92654F80A00292EB6 /* Test */ = {
			isa = PBXGroup;
			children = (
				F1339E20265500B100E3CD2A /* Cell */,
				F142F6BA2654F83100292EB6 /* TestViewController.swift */,
			);
			path = Test;
			sourceTree = "<group>";
		};
		F1944C3E2653A595007C2261 = {
			isa = PBXGroup;
			children = (
				F1944C492653A595007C2261 /* AutoService */,
				F1944C482653A595007C2261 /* Products */,
				F2C37778878E02AB98CC9727 /* Pods */,
				2EBC0134958C4ECC08F581DD /* Frameworks */,
			);
			sourceTree = "<group>";
		};
		F1944C482653A595007C2261 /* Products */ = {
			isa = PBXGroup;
			children = (
				F1944C472653A595007C2261 /* AutoService.app */,
			);
			name = Products;
			sourceTree = "<group>";
		};
		F1944C492653A595007C2261 /* AutoService */ = {
			isa = PBXGroup;
			children = (
				F142F6B5265453A600292EB6 /* Extensions */,
				F1A5F5E12653D16E00D1FBF4 /* Module */,
				F1A5F5DD2653C3CA00D1FBF4 /* Entities */,
				F1944C722653C1C5007C2261 /* Core */,
				F1944C712653C1BA007C2261 /* Manager */,
			);
			path = AutoService;
			sourceTree = "<group>";
		};
		F1944C712653C1BA007C2261 /* Manager */ = {
			isa = PBXGroup;
			children = (
				F1944C6E2653C198007C2261 /* FirebaseManager.swift */,
			);
			path = Manager;
			sourceTree = "<group>";
		};
		F1944C722653C1C5007C2261 /* Core */ = {
			isa = PBXGroup;
			children = (
				F1944C4A2653A595007C2261 /* AppDelegate.swift */,
				F1944C6B2653B01F007C2261 /* GoogleService-Info.plist */,
				F1944C582653A598007C2261 /* Info.plist */,
				F1944C552653A598007C2261 /* LaunchScreen.storyboard */,
				F1944C532653A598007C2261 /* Assets.xcassets */,
				F142F6A92654354E00292EB6 /* Main.storyboard */,
			);
			path = Core;
			sourceTree = "<group>";
		};
		F1A5F5DD2653C3CA00D1FBF4 /* Entities */ = {
			isa = PBXGroup;
			children = (
				F1A5F5DE2653C3E900D1FBF4 /* TestEntity.swift */,
			);
			path = Entities;
			sourceTree = "<group>";
		};
		F1A5F5E12653D16E00D1FBF4 /* Module */ = {
			isa = PBXGroup;
			children = (
				F1A5F5E22653D18000D1FBF4 /* Home */,
				F142F6B92654F80A00292EB6 /* Test */,
			);
			path = Module;
			sourceTree = "<group>";
		};
		F1A5F5E22653D18000D1FBF4 /* Home */ = {
			isa = PBXGroup;
			children = (
				F142F6AE2654500300292EB6 /* Cell */,
				F142F6A4265434AA00292EB6 /* HomeViewController.swift */,
			);
			path = Home;
			sourceTree = "<group>";
		};
		F2C37778878E02AB98CC9727 /* Pods */ = {
			isa = PBXGroup;
			children = (
				C1C06DD21C6BD470E44649F3 /* Pods-AutoService.debug.xcconfig */,
				AB74BCD2D7B0B6300EC45988 /* Pods-AutoService.release.xcconfig */,
			);
			path = Pods;
			sourceTree = "<group>";
		};
/* End PBXGroup section */

/* Begin PBXNativeTarget section */
		F1944C462653A595007C2261 /* AutoService */ = {
			isa = PBXNativeTarget;
			buildConfigurationList = F1944C5B2653A598007C2261 /* Build configuration list for PBXNativeTarget "AutoService" */;
			buildPhases = (
				600820AA90FD738711F9549B /* [CP] Check Pods Manifest.lock */,
				F1944C432653A595007C2261 /* Sources */,
				F1944C442653A595007C2261 /* Frameworks */,
				F1944C452653A595007C2261 /* Resources */,
				B6DFCFE6DEBBF33690251B43 /* [CP] Embed Pods Frameworks */,
			);
			buildRules = (
			);
			dependencies = (
			);
			name = AutoService;
			productName = AutoService;
			productReference = F1944C472653A595007C2261 /* AutoService.app */;
			productType = "com.apple.product-type.application";
		};
/* End PBXNativeTarget section */

/* Begin PBXProject section */
		F1944C3F2653A595007C2261 /* Project object */ = {
			isa = PBXProject;
			attributes = {
				LastSwiftUpdateCheck = 1240;
				LastUpgradeCheck = 1240;
				TargetAttributes = {
					F1944C462653A595007C2261 = {
						CreatedOnToolsVersion = 12.4;
					};
				};
			};
			buildConfigurationList = F1944C422653A595007C2261 /* Build configuration list for PBXProject "AutoService" */;
			compatibilityVersion = "Xcode 9.3";
			developmentRegion = en;
			hasScannedForEncodings = 0;
			knownRegions = (
				en,
				Base,
			);
			mainGroup = F1944C3E2653A595007C2261;
			productRefGroup = F1944C482653A595007C2261 /* Products */;
			projectDirPath = "";
			projectRoot = "";
			targets = (
				F1944C462653A595007C2261 /* AutoService */,
			);
		};
/* End PBXProject section */

/* Begin PBXResourcesBuildPhase section */
		F1944C452653A595007C2261 /* Resources */ = {
			isa = PBXResourcesBuildPhase;
			buildActionMask = 2147483647;
			files = (
				F1944C572653A598007C2261 /* LaunchScreen.storyboard in Resources */,
				F142F6AA2654354E00292EB6 /* Main.storyboard in Resources */,
				F1944C6C2653B01F007C2261 /* GoogleService-Info.plist in Resources */,
				F1339E25265500CE00E3CD2A /* AnswerTableViewCell.xib in Resources */,
				F142F6B22654501400292EB6 /* HomeTableViewCell.xib in Resources */,
				F1944C542653A598007C2261 /* Assets.xcassets in Resources */,
			);
			runOnlyForDeploymentPostprocessing = 0;
		};
/* End PBXResourcesBuildPhase section */

/* Begin PBXShellScriptBuildPhase section */
		600820AA90FD738711F9549B /* [CP] Check Pods Manifest.lock */ = {
			isa = PBXShellScriptBuildPhase;
			buildActionMask = 2147483647;
			files = (
			);
			inputFileListPaths = (
			);
			inputPaths = (
				"${PODS_PODFILE_DIR_PATH}/Podfile.lock",
				"${PODS_ROOT}/Manifest.lock",
			);
			name = "[CP] Check Pods Manifest.lock";
			outputFileListPaths = (
			);
			outputPaths = (
				"$(DERIVED_FILE_DIR)/Pods-AutoService-checkManifestLockResult.txt",
			);
			runOnlyForDeploymentPostprocessing = 0;
			shellPath = /bin/sh;
			shellScript = "diff \"${PODS_PODFILE_DIR_PATH}/Podfile.lock\" \"${PODS_ROOT}/Manifest.lock\" > /dev/null\nif [ $? != 0 ] ; then\n    # print error to STDERR\n    echo \"error: The sandbox is not in sync with the Podfile.lock. Run 'pod install' or update your CocoaPods installation.\" >&2\n    exit 1\nfi\n# This output is used by Xcode 'outputs' to avoid re-running this script phase.\necho \"SUCCESS\" > \"${SCRIPT_OUTPUT_FILE_0}\"\n";
			showEnvVarsInLog = 0;
		};
		B6DFCFE6DEBBF33690251B43 /* [CP] Embed Pods Frameworks */ = {
			isa = PBXShellScriptBuildPhase;
			buildActionMask = 2147483647;
			files = (
			);
			inputFileListPaths = (
				"${PODS_ROOT}/Target Support Files/Pods-AutoService/Pods-AutoService-frameworks-${CONFIGURATION}-input-files.xcfilelist",
			);
			name = "[CP] Embed Pods Frameworks";
			outputFileListPaths = (
				"${PODS_ROOT}/Target Support Files/Pods-AutoService/Pods-AutoService-frameworks-${CONFIGURATION}-output-files.xcfilelist",
			);
			runOnlyForDeploymentPostprocessing = 0;
			shellPath = /bin/sh;
			shellScript = "\"${PODS_ROOT}/Target Support Files/Pods-AutoService/Pods-AutoService-frameworks.sh\"\n";
			showEnvVarsInLog = 0;
		};
/* End PBXShellScriptBuildPhase section */

/* Begin PBXSourcesBuildPhase section */
		F1944C432653A595007C2261 /* Sources */ = {
			isa = PBXSourcesBuildPhase;
			buildActionMask = 2147483647;
			files = (
				F142F6BB2654F83100292EB6 /* TestViewController.swift in Sources */,
				F1A5F5DF2653C3E900D1FBF4 /* TestEntity.swift in Sources */,
				F142F6B7265453B500292EB6 /* Extensions.swift in Sources */,
				F142F6B12654501400292EB6 /* HomeTableViewCell.swift in Sources */,
				F1944C6F2653C198007C2261 /* FirebaseManager.swift in Sources */,
				F1944C4B2653A595007C2261 /* AppDelegate.swift in Sources */,
				F142F6A6265434AA00292EB6 /* HomeViewController.swift in Sources */,
				F1339E24265500CE00E3CD2A /* AnswerTableViewCell.swift in Sources */,
			);
			runOnlyForDeploymentPostprocessing = 0;
		};
/* End PBXSourcesBuildPhase section */

/* Begin PBXVariantGroup section */
		F1944C552653A598007C2261 /* LaunchScreen.storyboard */ = {
			isa = PBXVariantGroup;
			children = (
				F1944C562653A598007C2261 /* Base */,
			);
			name = LaunchScreen.storyboard;
			sourceTree = "<group>";
		};
/* End PBXVariantGroup section */

/* Begin XCBuildConfiguration section */
		F1944C592653A598007C2261 /* Debug */ = {
			isa = XCBuildConfiguration;
			buildSettings = {
				ALWAYS_SEARCH_USER_PATHS = NO;
				CLANG_ANALYZER_NONNULL = YES;
				CLANG_ANALYZER_NUMBER_OBJECT_CONVERSION = YES_AGGRESSIVE;
				CLANG_CXX_LANGUAGE_STANDARD = "gnu++14";
				CLANG_CXX_LIBRARY = "libc++";
				CLANG_ENABLE_MODULES = YES;
				CLANG_ENABLE_OBJC_ARC = YES;
				CLANG_ENABLE_OBJC_WEAK = YES;
				CLANG_WARN_BLOCK_CAPTURE_AUTORELEASING = YES;
				CLANG_WARN_BOOL_CONVERSION = YES;
				CLANG_WARN_COMMA = YES;
				CLANG_WARN_CONSTANT_CONVERSION = YES;
				CLANG_WARN_DEPRECATED_OBJC_IMPLEMENTATIONS = YES;
				CLANG_WARN_DIRECT_OBJC_ISA_USAGE = YES_ERROR;
				CLANG_WARN_DOCUMENTATION_COMMENTS = YES;
				CLANG_WARN_EMPTY_BODY = YES;
				CLANG_WARN_ENUM_CONVERSION = YES;
				CLANG_WARN_INFINITE_RECURSION = YES;
				CLANG_WARN_INT_CONVERSION = YES;
				CLANG_WARN_NON_LITERAL_NULL_CONVERSION = YES;
				CLANG_WARN_OBJC_IMPLICIT_RETAIN_SELF = YES;
				CLANG_WARN_OBJC_LITERAL_CONVERSION = YES;
				CLANG_WARN_OBJC_ROOT_CLASS = YES_ERROR;
				CLANG_WARN_QUOTED_INCLUDE_IN_FRAMEWORK_HEADER = YES;
				CLANG_WARN_RANGE_LOOP_ANALYSIS = YES;
				CLANG_WARN_STRICT_PROTOTYPES = YES;
				CLANG_WARN_SUSPICIOUS_MOVE = YES;
				CLANG_WARN_UNGUARDED_AVAILABILITY = YES_AGGRESSIVE;
				CLANG_WARN_UNREACHABLE_CODE = YES;
				CLANG_WARN__DUPLICATE_METHOD_MATCH = YES;
				COPY_PHASE_STRIP = NO;
				DEBUG_INFORMATION_FORMAT = dwarf;
				ENABLE_STRICT_OBJC_MSGSEND = YES;
				ENABLE_TESTABILITY = YES;
				GCC_C_LANGUAGE_STANDARD = gnu11;
				GCC_DYNAMIC_NO_PIC = NO;
				GCC_NO_COMMON_BLOCKS = YES;
				GCC_OPTIMIZATION_LEVEL = 0;
				GCC_PREPROCESSOR_DEFINITIONS = (
					"DEBUG=1",
					"$(inherited)",
				);
				GCC_WARN_64_TO_32_BIT_CONVERSION = YES;
				GCC_WARN_ABOUT_RETURN_TYPE = YES_ERROR;
				GCC_WARN_UNDECLARED_SELECTOR = YES;
				GCC_WARN_UNINITIALIZED_AUTOS = YES_AGGRESSIVE;
				GCC_WARN_UNUSED_FUNCTION = YES;
				GCC_WARN_UNUSED_VARIABLE = YES;
				IPHONEOS_DEPLOYMENT_TARGET = 14.4;
				MTL_ENABLE_DEBUG_INFO = INCLUDE_SOURCE;
				MTL_FAST_MATH = YES;
				ONLY_ACTIVE_ARCH = YES;
				SDKROOT = iphoneos;
				SWIFT_ACTIVE_COMPILATION_CONDITIONS = DEBUG;
				SWIFT_OPTIMIZATION_LEVEL = "-Onone";
			};
			name = Debug;
		};
		F1944C5A2653A598007C2261 /* Release */ = {
			isa = XCBuildConfiguration;
			buildSettings = {
				ALWAYS_SEARCH_USER_PATHS = NO;
				CLANG_ANALYZER_NONNULL = YES;
				CLANG_ANALYZER_NUMBER_OBJECT_CONVERSION = YES_AGGRESSIVE;
				CLANG_CXX_LANGUAGE_STANDARD = "gnu++14";
				CLANG_CXX_LIBRARY = "libc++";
				CLANG_ENABLE_MODULES = YES;
				CLANG_ENABLE_OBJC_ARC = YES;
				CLANG_ENABLE_OBJC_WEAK = YES;
				CLANG_WARN_BLOCK_CAPTURE_AUTORELEASING = YES;
				CLANG_WARN_BOOL_CONVERSION = YES;
				CLANG_WARN_COMMA = YES;
				CLANG_WARN_CONSTANT_CONVERSION = YES;
				CLANG_WARN_DEPRECATED_OBJC_IMPLEMENTATIONS = YES;
				CLANG_WARN_DIRECT_OBJC_ISA_USAGE = YES_ERROR;
				CLANG_WARN_DOCUMENTATION_COMMENTS = YES;
				CLANG_WARN_EMPTY_BODY = YES;
				CLANG_WARN_ENUM_CONVERSION = YES;
				CLANG_WARN_INFINITE_RECURSION = YES;
				CLANG_WARN_INT_CONVERSION = YES;
				CLANG_WARN_NON_LITERAL_NULL_CONVERSION = YES;
				CLANG_WARN_OBJC_IMPLICIT_RETAIN_SELF = YES;
				CLANG_WARN_OBJC_LITERAL_CONVERSION = YES;
				CLANG_WARN_OBJC_ROOT_CLASS = YES_ERROR;
				CLANG_WARN_QUOTED_INCLUDE_IN_FRAMEWORK_HEADER = YES;
				CLANG_WARN_RANGE_LOOP_ANALYSIS = YES;
				CLANG_WARN_STRICT_PROTOTYPES = YES;
				CLANG_WARN_SUSPICIOUS_MOVE = YES;
				CLANG_WARN_UNGUARDED_AVAILABILITY = YES_AGGRESSIVE;
				CLANG_WARN_UNREACHABLE_CODE = YES;
				CLANG_WARN__DUPLICATE_METHOD_MATCH = YES;
				COPY_PHASE_STRIP = NO;
				DEBUG_INFORMATION_FORMAT = "dwarf-with-dsym";
				ENABLE_NS_ASSERTIONS = NO;
				ENABLE_STRICT_OBJC_MSGSEND = YES;
				GCC_C_LANGUAGE_STANDARD = gnu11;
				GCC_NO_COMMON_BLOCKS = YES;
				GCC_WARN_64_TO_32_BIT_CONVERSION = YES;
				GCC_WARN_ABOUT_RETURN_TYPE = YES_ERROR;
				GCC_WARN_UNDECLARED_SELECTOR = YES;
				GCC_WARN_UNINITIALIZED_AUTOS = YES_AGGRESSIVE;
				GCC_WARN_UNUSED_FUNCTION = YES;
				GCC_WARN_UNUSED_VARIABLE = YES;
				IPHONEOS_DEPLOYMENT_TARGET = 14.4;
				MTL_ENABLE_DEBUG_INFO = NO;
				MTL_FAST_MATH = YES;
				SDKROOT = iphoneos;
				SWIFT_COMPILATION_MODE = wholemodule;
				SWIFT_OPTIMIZATION_LEVEL = "-O";
				VALIDATE_PRODUCT = YES;
			};
			name = Release;
		};
		F1944C5C2653A598007C2261 /* Debug */ = {
			isa = XCBuildConfiguration;
			baseConfigurationReference = C1C06DD21C6BD470E44649F3 /* Pods-AutoService.debug.xcconfig */;
			buildSettings = {
				ASSETCATALOG_COMPILER_APPICON_NAME = AppIcon;
				ASSETCATALOG_COMPILER_GLOBAL_ACCENT_COLOR_NAME = AccentColor;
				CODE_SIGN_STYLE = Automatic;
				INFOPLIST_FILE = "$(SRCROOT)/AutoService/Core/Info.plist";
				IPHONEOS_DEPLOYMENT_TARGET = 12.1;
				LD_RUNPATH_SEARCH_PATHS = (
					"$(inherited)",
					"@executable_path/Frameworks",
				);
				MARKETING_VERSION = 0.1;
				PRODUCT_BUNDLE_IDENTIFIER = com.autoService.AutoService;
				PRODUCT_NAME = "$(TARGET_NAME)";
				SWIFT_VERSION = 5.0;
				TARGETED_DEVICE_FAMILY = 1;
			};
			name = Debug;
		};
		F1944C5D2653A598007C2261 /* Release */ = {
			isa = XCBuildConfiguration;
			baseConfigurationReference = AB74BCD2D7B0B6300EC45988 /* Pods-AutoService.release.xcconfig */;
			buildSettings = {
				ASSETCATALOG_COMPILER_APPICON_NAME = AppIcon;
				ASSETCATALOG_COMPILER_GLOBAL_ACCENT_COLOR_NAME = AccentColor;
				CODE_SIGN_STYLE = Automatic;
				INFOPLIST_FILE = "$(SRCROOT)/AutoService/Core/Info.plist";
				IPHONEOS_DEPLOYMENT_TARGET = 12.1;
				LD_RUNPATH_SEARCH_PATHS = (
					"$(inherited)",
					"@executable_path/Frameworks",
				);
				MARKETING_VERSION = 0.1;
				PRODUCT_BUNDLE_IDENTIFIER = com.autoService.AutoService;
				PRODUCT_NAME = "$(TARGET_NAME)";
				SWIFT_VERSION = 5.0;
				TARGETED_DEVICE_FAMILY = 1;
			};
			name = Release;
		};
/* End XCBuildConfiguration section */

/* Begin XCConfigurationList section */
		F1944C422653A595007C2261 /* Build configuration list for PBXProject "AutoService" */ = {
			isa = XCConfigurationList;
			buildConfigurations = (
				F1944C592653A598007C2261 /* Debug */,
				F1944C5A2653A598007C2261 /* Release */,
			);
			defaultConfigurationIsVisible = 0;
			defaultConfigurationName = Release;
		};
		F1944C5B2653A598007C2261 /* Build configuration list for PBXNativeTarget "AutoService" */ = {
			isa = XCConfigurationList;
			buildConfigurations = (
				F1944C5C2653A598007C2261 /* Debug */,
				F1944C5D2653A598007C2261 /* Release */,
			);
			defaultConfigurationIsVisible = 0;
			defaultConfigurationName = Release;
		};
/* End XCConfigurationList section */
	};
	rootObject = F1944C3F2653A595007C2261 /* Project object */;
}
